
Microsoft Visual Studio Solution File, Format Version 12.00
# Visual Studio 14
VisualStudioVersion = 14.0.23107.0
MinimumVisualStudioVersion = 10.0.40219.1
Project("{8BC9CEB8-8B4A-11D0-8D11-00A0C91BC942}") = "Exercise 9.2", "ConsoleApplication1\ConsoleApplication1.vcxproj", "{25400899-0BF2-4981-99F2-1D359936CEF7}"
EndProject
Project("{F088123C-0E9E-452A-89E6-6BA2F21D5CAC}") = "Fan Class", "Fan Class\Fan Class.modelproj", "{54B553B0-24CD-45E8-830A-80AA68A67849}"
EndProject
Global
	GlobalSection(SolutionConfigurationPlatforms) = preSolution
		Debug|Any CPU = Debug|Any CPU
		Debug|x64 = Debug|x64
		Debug|x86 = Debug|x86
		Release|Any CPU = Release|Any CPU
		Release|x64 = Release|x64
		Release|x86 = Release|x86
	EndGlobalSection
	GlobalSection(ProjectConfigurationPlatforms) = postSolution
		{25400899-0BF2-4981-99F2-1D359936CEF7}.Debug|Any CPU.ActiveCfg = Debug|Win32
		{25400899-0BF2-4981-99F2-1D359936CEF7}.Debug|x64.ActiveCfg = Debug|x64
		{25400899-0BF2-4981-99F2-1D359936CEF7}.Debug|x64.Build.0 = Debug|x64
		{25400899-0BF2-4981-99F2-1D359936CEF7}.Debug|x86.ActiveCfg = Debug|Win32
		{25400899-0BF2-4981-99F2-1D359936CEF7}.Debug|x86.Build.0 = Debug|Win32
		{25400899-0BF2-4981-99F2-1D359936CEF7}.Release|Any CPU.ActiveCfg = Release|Win32
		{25400899-0BF2-4981-99F2-1D359936CEF7}.Release|x64.ActiveCfg = Release|x64
		{25400899-0BF2-4981-99F2-1D359936CEF7}.Release|x64.Build.0 = Release|x64
		{25400899-0BF2-4981-99F2-1D359936CEF7}.Release|x86.ActiveCfg = Release|Win32
		{25400899-0BF2-4981-99F2-1D359936CEF7}.Release|x86.Build.0 = Release|Win32
		{54B553B0-24CD-45E8-830A-80AA68A67849}.Debug|Any CPU.ActiveCfg = Debug|Any CPU
		{54B553B0-24CD-45E8-830A-80AA68A67849}.Debug|Any CPU.Build.0 = Debug|Any CPU
		{54B553B0-24CD-45E8-830A-80AA68A67849}.Debug|x64.ActiveCfg = Debug|Any CPU
		{54B553B0-24CD-45E8-830A-80AA68A67849}.Debug|x64.Build.0 = Debug|Any CPU
		{54B553B0-24CD-45E8-830A-80AA68A67849}.Debug|x86.ActiveCfg = Debug|Any CPU
		{54B553B0-24CD-45E8-830A-80AA68A67849}.Debug|x86.Build.0 = Debug|Any CPU
		{54B553B0-24CD-45E8-830A-80AA68A67849}.Release|Any CPU.ActiveCfg = Release|Any CPU
		{54B553B0-24CD-45E8-830A-80AA68A67849}.Release|Any CPU.Build.0 = Release|Any CPU
		{54B553B0-24CD-45E8-830A-80AA68A67849}.Release|x64.ActiveCfg = Release|Any CPU
		{54B553B0-24CD-45E8-830A-80AA68A67849}.Release|x64.Build.0 = Release|Any CPU
		{54B553B0-24CD-45E8-830A-80AA68A67849}.Release|x86.ActiveCfg = Release|Any CPU
		{54B553B0-24CD-45E8-830A-80AA68A67849}.Release|x86.Build.0 = Release|Any CPU
	EndGlobalSection
	GlobalSection(SolutionProperties) = preSolution
		HideSolutionNode = FALSE
	EndGlobalSection
EndGlobal
