
Microsoft Visual Studio Solution File, Format Version 12.00
# Visual Studio 14
VisualStudioVersion = 14.0.23107.0
MinimumVisualStudioVersion = 10.0.40219.1
Project("{8BC9CEB8-8B4A-11D0-8D11-00A0C91BC942}") = "ConsoleApplication2", "ConsoleApplication2\ConsoleApplication2.vcxproj", "{95E02CD1-2F74-482B-9498-AA9546E637F2}"
EndProject
Project("{F088123C-0E9E-452A-89E6-6BA2F21D5CAC}") = "ModelingProject1", "ModelingProject1\ModelingProject1.modelproj", "{3D6946E9-A6FE-4D66-BE90-0124E51538D9}"
EndProject
Global
	GlobalSection(SolutionConfigurationPlatforms) = preSolution
		Debug|Any CPU = Debug|Any CPU
		Debug|x64 = Debug|x64
		Debug|x86 = Debug|x86
		Release|Any CPU = Release|Any CPU
		Release|x64 = Release|x64
		Release|x86 = Release|x86
	EndGlobalSection
	GlobalSection(ProjectConfigurationPlatforms) = postSolution
		{95E02CD1-2F74-482B-9498-AA9546E637F2}.Debug|Any CPU.ActiveCfg = Debug|Win32
		{95E02CD1-2F74-482B-9498-AA9546E637F2}.Debug|x64.ActiveCfg = Debug|x64
		{95E02CD1-2F74-482B-9498-AA9546E637F2}.Debug|x64.Build.0 = Debug|x64
		{95E02CD1-2F74-482B-9498-AA9546E637F2}.Debug|x86.ActiveCfg = Debug|Win32
		{95E02CD1-2F74-482B-9498-AA9546E637F2}.Debug|x86.Build.0 = Debug|Win32
		{95E02CD1-2F74-482B-9498-AA9546E637F2}.Release|Any CPU.ActiveCfg = Release|Win32
		{95E02CD1-2F74-482B-9498-AA9546E637F2}.Release|x64.ActiveCfg = Release|x64
		{95E02CD1-2F74-482B-9498-AA9546E637F2}.Release|x64.Build.0 = Release|x64
		{95E02CD1-2F74-482B-9498-AA9546E637F2}.Release|x86.ActiveCfg = Release|Win32
		{95E02CD1-2F74-482B-9498-AA9546E637F2}.Release|x86.Build.0 = Release|Win32
		{3D6946E9-A6FE-4D66-BE90-0124E51538D9}.Debug|Any CPU.ActiveCfg = Debug|Any CPU
		{3D6946E9-A6FE-4D66-BE90-0124E51538D9}.Debug|Any CPU.Build.0 = Debug|Any CPU
		{3D6946E9-A6FE-4D66-BE90-0124E51538D9}.Debug|x64.ActiveCfg = Debug|Any CPU
		{3D6946E9-A6FE-4D66-BE90-0124E51538D9}.Debug|x64.Build.0 = Debug|Any CPU
		{3D6946E9-A6FE-4D66-BE90-0124E51538D9}.Debug|x86.ActiveCfg = Debug|Any CPU
		{3D6946E9-A6FE-4D66-BE90-0124E51538D9}.Debug|x86.Build.0 = Debug|Any CPU
		{3D6946E9-A6FE-4D66-BE90-0124E51538D9}.Release|Any CPU.ActiveCfg = Release|Any CPU
		{3D6946E9-A6FE-4D66-BE90-0124E51538D9}.Release|Any CPU.Build.0 = Release|Any CPU
		{3D6946E9-A6FE-4D66-BE90-0124E51538D9}.Release|x64.ActiveCfg = Release|Any CPU
		{3D6946E9-A6FE-4D66-BE90-0124E51538D9}.Release|x64.Build.0 = Release|Any CPU
		{3D6946E9-A6FE-4D66-BE90-0124E51538D9}.Release|x86.ActiveCfg = Release|Any CPU
		{3D6946E9-A6FE-4D66-BE90-0124E51538D9}.Release|x86.Build.0 = Release|Any CPU
	EndGlobalSection
	GlobalSection(SolutionProperties) = preSolution
		HideSolutionNode = FALSE
	EndGlobalSection
EndGlobal
